{
  "requires": true,
  "lockfileVersion": 1,
  "dependencies": {
    "jquery": {
      "version": "3.4.1",
      "resolved": "https://registry.npmjs.org/jquery/-/jquery-3.4.1.tgz",
      "integrity": "sha512-36+AdBzCL+y6qjw5Tx7HgzeGCzC81MDDgaUP8ld2zhx58HdqXGoBd+tHdrBMiyjGQs0Hxs/MLZTu/eHNJJuWPw=="
    },
    "survey-jquery": {
      "version": "1.5.6",
      "resolved": "https://registry.npmjs.org/survey-jquery/-/survey-jquery-1.5.6.tgz",
      "integrity": "sha512-giZSvNk+kHpSZjkrcS1dSLiSbHfcECFyb02ezGlxTx3XAZJOKbxl4tZh1jaY+fhKJozvk36jbX4un88hTsWnNg==",
      "requires": {
        "jquery": ">=1.12.4"
      }
    }
  }
}
